
Microsoft Visual Studio Solution File, Format Version 12.00
# Visual Studio Version 17
VisualStudioVersion = 17.1.32407.343
MinimumVisualStudioVersion = 10.0.40219.1
Project("{FAE04EC0-301F-11D3-BF4B-00C04F79EFBC}") = "Fund_Trade_Sys", "Fund_Trade_Sys\Fund_Trade_Sys.csproj", "{BBB7C2F1-DF3E-43D5-9D24-8F726CDE52BB}"
EndProject
Global
	GlobalSection(SolutionConfigurationPlatforms) = preSolution
		Debug|Any CPU = Debug|Any CPU
		Release|Any CPU = Release|Any CPU
	EndGlobalSection
	GlobalSection(ProjectConfigurationPlatforms) = postSolution
		{BBB7C2F1-DF3E-43D5-9D24-8F726CDE52BB}.Debug|Any CPU.ActiveCfg = Debug|Any CPU
		{BBB7C2F1-DF3E-43D5-9D24-8F726CDE52BB}.Debug|Any CPU.Build.0 = Debug|Any CPU
		{BBB7C2F1-DF3E-43D5-9D24-8F726CDE52BB}.Release|Any CPU.ActiveCfg = Release|Any CPU
		{BBB7C2F1-DF3E-43D5-9D24-8F726CDE52BB}.Release|Any CPU.Build.0 = Release|Any CPU
	EndGlobalSection
	GlobalSection(SolutionProperties) = preSolution
		HideSolutionNode = FALSE
	EndGlobalSection
	GlobalSection(ExtensibilityGlobals) = postSolution
		SolutionGuid = {595FCE98-FCDA-400E-9B1A-CE6BA9405B52}
	EndGlobalSection
EndGlobal
